
Microsoft Visual Studio Solution File, Format Version 12.00
Project("{FAE04EC0-301F-11D3-BF4B-00C04F79EFBC}") = "SecondHandBoard.Web", "SecondHandBoard.Web\SecondHandBoard.Web.csproj", "{E25A07BD-E107-467F-9AD1-75D06AA974FC}"
EndProject
Project("{2150E333-8FDC-42A3-9474-1A3956D46DE8}") = "Solution Items", "Solution Items", "{17513AD4-75D9-43A6-A1D5-2DA1CC6EE0E8}"
	ProjectSection(SolutionItems) = preProject
		compose.yaml = compose.yaml
	EndProjectSection
EndProject
Project("{FAE04EC0-301F-11D3-BF4B-00C04F79EFBC}") = "SecondHandBoard.Application", "SecondHandBoard.Application\SecondHandBoard.Application.csproj", "{D59D0362-2D5B-442F-A027-BBF86A0B0235}"
EndProject
Project("{FAE04EC0-301F-11D3-BF4B-00C04F79EFBC}") = "SecondHandBoard.Domain", "SecondHandBoard.Domain\SecondHandBoard.Domain.csproj", "{E69BC97D-414C-46BA-B13D-1BFCC4E21986}"
EndProject
Project("{FAE04EC0-301F-11D3-BF4B-00C04F79EFBC}") = "SecondHandBoard.Infrastucture.Postgres", "SecondHandBoard.Infrastucture.Postgres\SecondHandBoard.Infrastucture.Postgres.csproj", "{8ECA9D7B-AFAD-4B7E-933B-4D2B4D3D10B1}"
EndProject
Project("{FAE04EC0-301F-11D3-BF4B-00C04F79EFBC}") = "SecondHandBoard.Infrastructure", "SecondHandBoard.Infrastructure\SecondHandBoard.Infrastructure.csproj", "{AD6DF233-11FA-4B76-9680-5C936496A0BA}"
EndProject
Global
	GlobalSection(SolutionConfigurationPlatforms) = preSolution
		Debug|Any CPU = Debug|Any CPU
		Release|Any CPU = Release|Any CPU
	EndGlobalSection
	GlobalSection(ProjectConfigurationPlatforms) = postSolution
		{E25A07BD-E107-467F-9AD1-75D06AA974FC}.Debug|Any CPU.ActiveCfg = Debug|Any CPU
		{E25A07BD-E107-467F-9AD1-75D06AA974FC}.Debug|Any CPU.Build.0 = Debug|Any CPU
		{E25A07BD-E107-467F-9AD1-75D06AA974FC}.Release|Any CPU.ActiveCfg = Release|Any CPU
		{E25A07BD-E107-467F-9AD1-75D06AA974FC}.Release|Any CPU.Build.0 = Release|Any CPU
		{D59D0362-2D5B-442F-A027-BBF86A0B0235}.Debug|Any CPU.ActiveCfg = Debug|Any CPU
		{D59D0362-2D5B-442F-A027-BBF86A0B0235}.Debug|Any CPU.Build.0 = Debug|Any CPU
		{D59D0362-2D5B-442F-A027-BBF86A0B0235}.Release|Any CPU.ActiveCfg = Release|Any CPU
		{D59D0362-2D5B-442F-A027-BBF86A0B0235}.Release|Any CPU.Build.0 = Release|Any CPU
		{E69BC97D-414C-46BA-B13D-1BFCC4E21986}.Debug|Any CPU.ActiveCfg = Debug|Any CPU
		{E69BC97D-414C-46BA-B13D-1BFCC4E21986}.Debug|Any CPU.Build.0 = Debug|Any CPU
		{E69BC97D-414C-46BA-B13D-1BFCC4E21986}.Release|Any CPU.ActiveCfg = Release|Any CPU
		{E69BC97D-414C-46BA-B13D-1BFCC4E21986}.Release|Any CPU.Build.0 = Release|Any CPU
		{8ECA9D7B-AFAD-4B7E-933B-4D2B4D3D10B1}.Debug|Any CPU.ActiveCfg = Debug|Any CPU
		{8ECA9D7B-AFAD-4B7E-933B-4D2B4D3D10B1}.Debug|Any CPU.Build.0 = Debug|Any CPU
		{8ECA9D7B-AFAD-4B7E-933B-4D2B4D3D10B1}.Release|Any CPU.ActiveCfg = Release|Any CPU
		{8ECA9D7B-AFAD-4B7E-933B-4D2B4D3D10B1}.Release|Any CPU.Build.0 = Release|Any CPU
		{AD6DF233-11FA-4B76-9680-5C936496A0BA}.Debug|Any CPU.ActiveCfg = Debug|Any CPU
		{AD6DF233-11FA-4B76-9680-5C936496A0BA}.Debug|Any CPU.Build.0 = Debug|Any CPU
		{AD6DF233-11FA-4B76-9680-5C936496A0BA}.Release|Any CPU.ActiveCfg = Release|Any CPU
		{AD6DF233-11FA-4B76-9680-5C936496A0BA}.Release|Any CPU.Build.0 = Release|Any CPU
	EndGlobalSection
EndGlobal
